Microsoft Visual Studio Solution File, Format Version 12.00
# Visual Studio Version 17
VisualStudioVersion = 17.13.35919.96
MinimumVisualStudioVersion = 10.0.40219.1
Project("{FAE04EC0-301F-11D3-BF4B-00C04F79EFBC}") = "Repaso_Bootcamp_CodigoCSharp", "Repaso_Bootcamp_CodigoCSharp\Repaso_Bootcamp_CodigoCSharp.csproj", "{54E06469-E31E-4B1E-B80D-61A103148016}"
EndProject
Project("{FAE04EC0-301F-11D3-BF4B-00C04F79EFBC}") = "WhileLoop", "WhileLoop\WhileLoop.csproj", "{A547FE7D-26A9-4234-8D2C-5CDA2F71E43C}"
EndProject
Project("{FAE04EC0-301F-11D3-BF4B-00C04F79EFBC}") = "Week2_Arrays_Multi", "Week2_Arrays_Multi\Week2_Arrays_Multi.csproj", "{C683602C-6B3B-4962-AECC-223D815A24C2}"
EndProject
Project("{FAE04EC0-301F-11D3-BF4B-00C04F79EFBC}") = "Week2_Arrays_Uni", "Week2_Arrays_Uni\Week2_Arrays_Uni.csproj", "{E6371543-2583-437A-97B8-6852F6AA86F1}"
EndProject
Project("{FAE04EC0-301F-11D3-BF4B-00C04F79EFBC}") = "Week2_Collections_Arraylist", "Week2_Collections_Arraylist\Week2_Collections_Arraylist.csproj", "{531E2733-3F40-4A8B-938D-6DE8517F80A7}"
EndProject
Project("{FAE04EC0-301F-11D3-BF4B-00C04F79EFBC}") = "Week2_Collections_Dictionary", "Week2_Collections_Dictionary\Week2_Collections_Dictionary.csproj", "{BEB62B72-69B7-4517-977C-A32E557F8C1A}"
EndProject
Project("{FAE04EC0-301F-11D3-BF4B-00C04F79EFBC}") = "Week2_Collections_HashSet", "Week2_Collections_HashSet\Week2_Collections_HashSet.csproj", "{EC2F2DEB-9243-4762-8BFD-478083B90133}"
EndProject
Project("{FAE04EC0-301F-11D3-BF4B-00C04F79EFBC}") = "Week2_Collections_List", "Week2_Collections_List\Week2_Collections_List.csproj", "{D5E5D56C-4B68-41BB-B557-E6460113AB06}"
EndProject
Global
	GlobalSection(SolutionConfigurationPlatforms) = preSolution
		Debug|Any CPU = Debug|Any CPU
		Release|Any CPU = Release|Any CPU
	EndGlobalSection
	GlobalSection(ProjectConfigurationPlatforms) = postSolution
		{54E06469-E31E-4B1E-B80D-61A103148016}.Debug|Any CPU.ActiveCfg = Debug|Any CPU
		{54E06469-E31E-4B1E-B80D-61A103148016}.Debug|Any CPU.Build.0 = Debug|Any CPU
		{54E06469-E31E-4B1E-B80D-61A103148016}.Release|Any CPU.ActiveCfg = Release|Any CPU
		{54E06469-E31E-4B1E-B80D-61A103148016}.Release|Any CPU.Build.0 = Release|Any CPU
		{A547FE7D-26A9-4234-8D2C-5CDA2F71E43C}.Debug|Any CPU.ActiveCfg = Debug|Any CPU
		{A547FE7D-26A9-4234-8D2C-5CDA2F71E43C}.Debug|Any CPU.Build.0 = Debug|Any CPU
		{A547FE7D-26A9-4234-8D2C-5CDA2F71E43C}.Release|Any CPU.ActiveCfg = Release|Any CPU
		{A547FE7D-26A9-4234-8D2C-5CDA2F71E43C}.Release|Any CPU.Build.0 = Release|Any CPU
		{C683602C-6B3B-4962-AECC-223D815A24C2}.Debug|Any CPU.ActiveCfg = Debug|Any CPU
		{C683602C-6B3B-4962-AECC-223D815A24C2}.Debug|Any CPU.Build.0 = Debug|Any CPU
		{C683602C-6B3B-4962-AECC-223D815A24C2}.Release|Any CPU.ActiveCfg = Release|Any CPU
		{C683602C-6B3B-4962-AECC-223D815A24C2}.Release|Any CPU.Build.0 = Release|Any CPU
		{E6371543-2583-437A-97B8-6852F6AA86F1}.Debug|Any CPU.ActiveCfg = Debug|Any CPU
		{E6371543-2583-437A-97B8-6852F6AA86F1}.Debug|Any CPU.Build.0 = Debug|Any CPU
		{E6371543-2583-437A-97B8-6852F6AA86F1}.Release|Any CPU.ActiveCfg = Release|Any CPU
		{E6371543-2583-437A-97B8-6852F6AA86F1}.Release|Any CPU.Build.0 = Release|Any CPU
		{531E2733-3F40-4A8B-938D-6DE8517F80A7}.Debug|Any CPU.ActiveCfg = Debug|Any CPU
		{531E2733-3F40-4A8B-938D-6DE8517F80A7}.Debug|Any CPU.Build.0 = Debug|Any CPU
		{531E2733-3F40-4A8B-938D-6DE8517F80A7}.Release|Any CPU.ActiveCfg = Release|Any CPU
		{531E2733-3F40-4A8B-938D-6DE8517F80A7}.Release|Any CPU.Build.0 = Release|Any CPU
		{BEB62B72-69B7-4517-977C-A32E557F8C1A}.Debug|Any CPU.ActiveCfg = Debug|Any CPU
		{BEB62B72-69B7-4517-977C-A32E557F8C1A}.Debug|Any CPU.Build.0 = Debug|Any CPU
		{BEB62B72-69B7-4517-977C-A32E557F8C1A}.Release|Any CPU.ActiveCfg = Release|Any CPU
		{BEB62B72-69B7-4517-977C-A32E557F8C1A}.Release|Any CPU.Build.0 = Release|Any CPU
		{EC2F2DEB-9243-4762-8BFD-478083B90133}.Debug|Any CPU.ActiveCfg = Debug|Any CPU
		{EC2F2DEB-9243-4762-8BFD-478083B90133}.Debug|Any CPU.Build.0 = Debug|Any CPU
		{EC2F2DEB-9243-4762-8BFD-478083B90133}.Release|Any CPU.ActiveCfg = Release|Any CPU
		{EC2F2DEB-9243-4762-8BFD-478083B90133}.Release|Any CPU.Build.0 = Release|Any CPU
		{D5E5D56C-4B68-41BB-B557-E6460113AB06}.Debug|Any CPU.ActiveCfg = Debug|Any CPU
		{D5E5D56C-4B68-41BB-B557-E6460113AB06}.Debug|Any CPU.Build.0 = Debug|Any CPU
		{D5E5D56C-4B68-41BB-B557-E6460113AB06}.Release|Any CPU.ActiveCfg = Release|Any CPU
		{D5E5D56C-4B68-41BB-B557-E6460113AB06}.Release|Any CPU.Build.0 = Release|Any CPU
	EndGlobalSection
	GlobalSection(SolutionProperties) = preSolution
		HideSolutionNode = FALSE
	EndGlobalSection
	GlobalSection(ExtensibilityGlobals) = postSolution
		SolutionGuid = {66AEB047-5C91-4A46-A997-DA53C307464F}
	EndGlobalSection
EndGlobal
